// !$*UTF8*$!
{
	archiveVersion = 1;
	classes = {
	};
	objectVersion = 50;
	objects = {

/* Begin PBXBuildFile section */
		80EBB0B72313CFF100A5DB37 /* AppDelegate.swift in Sources */ = {isa = PBXBuildFile; fileRef = 80EBB0B62313CFF100A5DB37 /* AppDelegate.swift */; };
		80EBB0BC2313CFF100A5DB37 /* Main.storyboard in Resources */ = {isa = PBXBuildFile; fileRef = 80EBB0BA2313CFF100A5DB37 /* Main.storyboard */; };
		80EBB0BE2313CFF600A5DB37 /* Assets.xcassets in Resources */ = {isa = PBXBuildFile; fileRef = 80EBB0BD2313CFF600A5DB37 /* Assets.xcassets */; };
		80EBB0C12313CFF600A5DB37 /* LaunchScreen.storyboard in Resources */ = {isa = PBXBuildFile; fileRef = 80EBB0BF2313CFF600A5DB37 /* LaunchScreen.storyboard */; };
		80EBB0CD2313D0DD00A5DB37 /* CollectionViewController.swift in Sources */ = {isa = PBXBuildFile; fileRef = 80EBB0CC2313D0DD00A5DB37 /* CollectionViewController.swift */; };
		80EBB0CF2313D32A00A5DB37 /* BaseCLCell.swift in Sources */ = {isa = PBXBuildFile; fileRef = 80EBB0CE2313D32A00A5DB37 /* BaseCLCell.swift */; };
		80EBB0D22313D9C200A5DB37 /* CustomCell.swift in Sources */ = {isa = PBXBuildFile; fileRef = 80EBB0D12313D9C200A5DB37 /* CustomCell.swift */; };
		80EBB0D62313E4DD00A5DB37 /* BaseCLReusable.swift in Sources */ = {isa = PBXBuildFile; fileRef = 80EBB0D52313E4DD00A5DB37 /* BaseCLReusable.swift */; };
		80EBB0D92313E55500A5DB37 /* HeaderView.swift in Sources */ = {isa = PBXBuildFile; fileRef = 80EBB0D72313E55500A5DB37 /* HeaderView.swift */; };
		80EBB0DA2313E55500A5DB37 /* HeaderView.xib in Resources */ = {isa = PBXBuildFile; fileRef = 80EBB0D82313E55500A5DB37 /* HeaderView.xib */; };
/* End PBXBuildFile section */

/* Begin PBXFileReference section */
		80EBB0B32313CFF100A5DB37 /* StretchyHeaderCollectionView.app */ = {isa = PBXFileReference; explicitFileType = wrapper.application; includeInIndex = 0; path = StretchyHeaderCollectionView.app; sourceTree = BUILT_PRODUCTS_DIR; };
		80EBB0B62313CFF100A5DB37 /* AppDelegate.swift */ = {isa = PBXFileReference; lastKnownFileType = sourcecode.swift; path = AppDelegate.swift; sourceTree = "<group>"; };
		80EBB0BB2313CFF100A5DB37 /* Base */ = {isa = PBXFileReference; lastKnownFileType = file.storyboard; name = Base; path = Base.lproj/Main.storyboard; sourceTree = "<group>"; };
		80EBB0BD2313CFF600A5DB37 /* Assets.xcassets */ = {isa = PBXFileReference; lastKnownFileType = folder.assetcatalog; path = Assets.xcassets; sourceTree = "<group>"; };
		80EBB0C02313CFF600A5DB37 /* Base */ = {isa = PBXFileReference; lastKnownFileType = file.storyboard; name = Base; path = Base.lproj/LaunchScreen.storyboard; sourceTree = "<group>"; };
		80EBB0C22313CFF600A5DB37 /* Info.plist */ = {isa = PBXFileReference; lastKnownFileType = text.plist.xml; path = Info.plist; sourceTree = "<group>"; };
		80EBB0CC2313D0DD00A5DB37 /* CollectionViewController.swift */ = {isa = PBXFileReference; lastKnownFileType = sourcecode.swift; path = CollectionViewController.swift; sourceTree = "<group>"; };
		80EBB0CE2313D32A00A5DB37 /* BaseCLCell.swift */ = {isa = PBXFileReference; lastKnownFileType = sourcecode.swift; path = BaseCLCell.swift; sourceTree = "<group>"; };
		80EBB0D12313D9C200A5DB37 /* CustomCell.swift */ = {isa = PBXFileReference; lastKnownFileType = sourcecode.swift; path = CustomCell.swift; sourceTree = "<group>"; };
		80EBB0D52313E4DD00A5DB37 /* BaseCLReusable.swift */ = {isa = PBXFileReference; lastKnownFileType = sourcecode.swift; path = BaseCLReusable.swift; sourceTree = "<group>"; };
		80EBB0D72313E55500A5DB37 /* HeaderView.swift */ = {isa = PBXFileReference; lastKnownFileType = sourcecode.swift; path = HeaderView.swift; sourceTree = "<group>"; };
		80EBB0D82313E55500A5DB37 /* HeaderView.xib */ = {isa = PBXFileReference; lastKnownFileType = file.xib; path = HeaderView.xib; sourceTree = "<group>"; };
/* End PBXFileReference section */

/* Begin PBXFrameworksBuildPhase section */
		80EBB0B02313CFF100A5DB37 /* Frameworks */ = {
			isa = PBXFrameworksBuildPhase;
			buildActionMask = 2147483647;
			files = (
			);
			runOnlyForDeploymentPostprocessing = 0;
		};
/* End PBXFrameworksBuildPhase section */

/* Begin PBXGroup section */
		80EBB0AA2313CFF100A5DB37 = {
			isa = PBXGroup;
			children = (
				80EBB0B52313CFF100A5DB37 /* StretchyHeaderCollectionView */,
				80EBB0B42313CFF100A5DB37 /* Products */,
			);
			sourceTree = "<group>";
		};
		80EBB0B42313CFF100A5DB37 /* Products */ = {
			isa = PBXGroup;
			children = (
				80EBB0B32313CFF100A5DB37 /* StretchyHeaderCollectionView.app */,
			);
			name = Products;
			sourceTree = "<group>";
		};
		80EBB0B52313CFF100A5DB37 /* StretchyHeaderCollectionView */ = {
			isa = PBXGroup;
			children = (
				80EBB0D02313D7EA00A5DB37 /* Views */,
				80EBB0CA2313D02D00A5DB37 /* Bases */,
				80EBB0C92313D02300A5DB37 /* Controllers */,
				80EBB0C82313D01900A5DB37 /* Resources */,
			);
			path = StretchyHeaderCollectionView;
			sourceTree = "<group>";
		};
		80EBB0C82313D01900A5DB37 /* Resources */ = {
			isa = PBXGroup;
			children = (
				80EBB0B62313CFF100A5DB37 /* AppDelegate.swift */,
				80EBB0BA2313CFF100A5DB37 /* Main.storyboard */,
				80EBB0BD2313CFF600A5DB37 /* Assets.xcassets */,
				80EBB0BF2313CFF600A5DB37 /* LaunchScreen.storyboard */,
				80EBB0C22313CFF600A5DB37 /* Info.plist */,
			);
			path = Resources;
			sourceTree = "<group>";
		};
		80EBB0C92313D02300A5DB37 /* Controllers */ = {
			isa = PBXGroup;
			children = (
				80EBB0CC2313D0DD00A5DB37 /* CollectionViewController.swift */,
			);
			path = Controllers;
			sourceTree = "<group>";
		};
		80EBB0CA2313D02D00A5DB37 /* Bases */ = {
			isa = PBXGroup;
			children = (
				80EBB0CB2313D05000A5DB37 /* Base Views */,
			);
			path = Bases;
			sourceTree = "<group>";
		};
		80EBB0CB2313D05000A5DB37 /* Base Views */ = {
			isa = PBXGroup;
			children = (
				80EBB0CE2313D32A00A5DB37 /* BaseCLCell.swift */,
				80EBB0D52313E4DD00A5DB37 /* BaseCLReusable.swift */,
			);
			path = "Base Views";
			sourceTree = "<group>";
		};
		80EBB0D02313D7EA00A5DB37 /* Views */ = {
			isa = PBXGroup;
			children = (
				80EBB0D12313D9C200A5DB37 /* CustomCell.swift */,
				80EBB0D72313E55500A5DB37 /* HeaderView.swift */,
				80EBB0D82313E55500A5DB37 /* HeaderView.xib */,
			);
			path = Views;
			sourceTree = "<group>";
		};
/* End PBXGroup section */

/* Begin PBXNativeTarget section */
		80EBB0B22313CFF100A5DB37 /* StretchyHeaderCollectionView */ = {
			isa = PBXNativeTarget;
			buildConfigurationList = 80EBB0C52313CFF600A5DB37 /* Build configuration list for PBXNativeTarget "StretchyHeaderCollectionView" */;
			buildPhases = (
				80EBB0AF2313CFF100A5DB37 /* Sources */,
				80EBB0B02313CFF100A5DB37 /* Frameworks */,
				80EBB0B12313CFF100A5DB37 /* Resources */,
			);
			buildRules = (
			);
			dependencies = (
			);
			name = StretchyHeaderCollectionView;
			productName = StretchyHeaderCollectionView;
			productReference = 80EBB0B32313CFF100A5DB37 /* StretchyHeaderCollectionView.app */;
			productType = "com.apple.product-type.application";
		};
/* End PBXNativeTarget section */

/* Begin PBXProject section */
		80EBB0AB2313CFF100A5DB37 /* Project object */ = {
			isa = PBXProject;
			attributes = {
				LastSwiftUpdateCheck = 1020;
				LastUpgradeCheck = 1020;
				ORGANIZATIONNAME = vti;
				TargetAttributes = {
					80EBB0B22313CFF100A5DB37 = {
						CreatedOnToolsVersion = 10.2.1;
					};
				};
			};
			buildConfigurationList = 80EBB0AE2313CFF100A5DB37 /* Build configuration list for PBXProject "StretchyHeaderCollectionView" */;
			compatibilityVersion = "Xcode 9.3";
			developmentRegion = en;
			hasScannedForEncodings = 0;
			knownRegions = (
				en,
				Base,
			);
			mainGroup = 80EBB0AA2313CFF100A5DB37;
			productRefGroup = 80EBB0B42313CFF100A5DB37 /* Products */;
			projectDirPath = "";
			projectRoot = "";
			targets = (
				80EBB0B22313CFF100A5DB37 /* StretchyHeaderCollectionView */,
			);
		};
/* End PBXProject section */

/* Begin PBXResourcesBuildPhase section */
		80EBB0B12313CFF100A5DB37 /* Resources */ = {
			isa = PBXResourcesBuildPhase;
			buildActionMask = 2147483647;
			files = (
				80EBB0C12313CFF600A5DB37 /* LaunchScreen.storyboard in Resources */,
				80EBB0BE2313CFF600A5DB37 /* Assets.xcassets in Resources */,
				80EBB0BC2313CFF100A5DB37 /* Main.storyboard in Resources */,
				80EBB0DA2313E55500A5DB37 /* HeaderView.xib in Resources */,
			);
			runOnlyForDeploymentPostprocessing = 0;
		};
/* End PBXResourcesBuildPhase section */

/* Begin PBXSourcesBuildPhase section */
		80EBB0AF2313CFF100A5DB37 /* Sources */ = {
			isa = PBXSourcesBuildPhase;
			buildActionMask = 2147483647;
			files = (
				80EBB0CF2313D32A00A5DB37 /* BaseCLCell.swift in Sources */,
				80EBB0D92313E55500A5DB37 /* HeaderView.swift in Sources */,
				80EBB0B72313CFF100A5DB37 /* AppDelegate.swift in Sources */,
				80EBB0D22313D9C200A5DB37 /* CustomCell.swift in Sources */,
				80EBB0CD2313D0DD00A5DB37 /* CollectionViewController.swift in Sources */,
				80EBB0D62313E4DD00A5DB37 /* BaseCLReusable.swift in Sources */,
			);
			runOnlyForDeploymentPostprocessing = 0;
		};
/* End PBXSourcesBuildPhase section */

/* Begin PBXVariantGroup section */
		80EBB0BA2313CFF100A5DB37 /* Main.storyboard */ = {
			isa = PBXVariantGroup;
			children = (
				80EBB0BB2313CFF100A5DB37 /* Base */,
			);
			name = Main.storyboard;
			sourceTree = "<group>";
		};
		80EBB0BF2313CFF600A5DB37 /* LaunchScreen.storyboard */ = {
			isa = PBXVariantGroup;
			children = (
				80EBB0C02313CFF600A5DB37 /* Base */,
			);
			name = LaunchScreen.storyboard;
			sourceTree = "<group>";
		};
/* End PBXVariantGroup section */

/* Begin XCBuildConfiguration section */
		80EBB0C32313CFF600A5DB37 /* Debug */ = {
			isa = XCBuildConfiguration;
			buildSettings = {
				ALWAYS_SEARCH_USER_PATHS = NO;
				CLANG_ANALYZER_NONNULL = YES;
				CLANG_ANALYZER_NUMBER_OBJECT_CONVERSION = YES_AGGRESSIVE;
				CLANG_CXX_LANGUAGE_STANDARD = "gnu++14";
				CLANG_CXX_LIBRARY = "libc++";
				CLANG_ENABLE_MODULES = YES;
				CLANG_ENABLE_OBJC_ARC = YES;
				CLANG_ENABLE_OBJC_WEAK = YES;
				CLANG_WARN_BLOCK_CAPTURE_AUTORELEASING = YES;
				CLANG_WARN_BOOL_CONVERSION = YES;
				CLANG_WARN_COMMA = YES;
				CLANG_WARN_CONSTANT_CONVERSION = YES;
				CLANG_WARN_DEPRECATED_OBJC_IMPLEMENTATIONS = YES;
				CLANG_WARN_DIRECT_OBJC_ISA_USAGE = YES_ERROR;
				CLANG_WARN_DOCUMENTATION_COMMENTS = YES;
				CLANG_WARN_EMPTY_BODY = YES;
				CLANG_WARN_ENUM_CONVERSION = YES;
				CLANG_WARN_INFINITE_RECURSION = YES;
				CLANG_WARN_INT_CONVERSION = YES;
				CLANG_WARN_NON_LITERAL_NULL_CONVERSION = YES;
				CLANG_WARN_OBJC_IMPLICIT_RETAIN_SELF = YES;
				CLANG_WARN_OBJC_LITERAL_CONVERSION = YES;
				CLANG_WARN_OBJC_ROOT_CLASS = YES_ERROR;
				CLANG_WARN_RANGE_LOOP_ANALYSIS = YES;
				CLANG_WARN_STRICT_PROTOTYPES = YES;
				CLANG_WARN_SUSPICIOUS_MOVE = YES;
				CLANG_WARN_UNGUARDED_AVAILABILITY = YES_AGGRESSIVE;
				CLANG_WARN_UNREACHABLE_CODE = YES;
				CLANG_WARN__DUPLICATE_METHOD_MATCH = YES;
				CODE_SIGN_IDENTITY = "iPhone Developer";
				COPY_PHASE_STRIP = NO;
				DEBUG_INFORMATION_FORMAT = dwarf;
				ENABLE_STRICT_OBJC_MSGSEND = YES;
				ENABLE_TESTABILITY = YES;
				GCC_C_LANGUAGE_STANDARD = gnu11;
				GCC_DYNAMIC_NO_PIC = NO;
				GCC_NO_COMMON_BLOCKS = YES;
				GCC_OPTIMIZATION_LEVEL = 0;
				GCC_PREPROCESSOR_DEFINITIONS = (
					"DEBUG=1",
					"$(inherited)",
				);
				GCC_WARN_64_TO_32_BIT_CONVERSION = YES;
				GCC_WARN_ABOUT_RETURN_TYPE = YES_ERROR;
				GCC_WARN_UNDECLARED_SELECTOR = YES;
				GCC_WARN_UNINITIALIZED_AUTOS = YES_AGGRESSIVE;
				GCC_WARN_UNUSED_FUNCTION = YES;
				GCC_WARN_UNUSED_VARIABLE = YES;
				IPHONEOS_DEPLOYMENT_TARGET = 12.2;
				MTL_ENABLE_DEBUG_INFO = INCLUDE_SOURCE;
				MTL_FAST_MATH = YES;
				ONLY_ACTIVE_ARCH = YES;
				SDKROOT = iphoneos;
				SWIFT_ACTIVE_COMPILATION_CONDITIONS = DEBUG;
				SWIFT_OPTIMIZATION_LEVEL = "-Onone";
			};
			name = Debug;
		};
		80EBB0C42313CFF600A5DB37 /* Release */ = {
			isa = XCBuildConfiguration;
			buildSettings = {
				ALWAYS_SEARCH_USER_PATHS = NO;
				CLANG_ANALYZER_NONNULL = YES;
				CLANG_ANALYZER_NUMBER_OBJECT_CONVERSION = YES_AGGRESSIVE;
				CLANG_CXX_LANGUAGE_STANDARD = "gnu++14";
				CLANG_CXX_LIBRARY = "libc++";
				CLANG_ENABLE_MODULES = YES;
				CLANG_ENABLE_OBJC_ARC = YES;
				CLANG_ENABLE_OBJC_WEAK = YES;
				CLANG_WARN_BLOCK_CAPTURE_AUTORELEASING = YES;
				CLANG_WARN_BOOL_CONVERSION = YES;
				CLANG_WARN_COMMA = YES;
				CLANG_WARN_CONSTANT_CONVERSION = YES;
				CLANG_WARN_DEPRECATED_OBJC_IMPLEMENTATIONS = YES;
				CLANG_WARN_DIRECT_OBJC_ISA_USAGE = YES_ERROR;
				CLANG_WARN_DOCUMENTATION_COMMENTS = YES;
				CLANG_WARN_EMPTY_BODY = YES;
				CLANG_WARN_ENUM_CONVERSION = YES;
				CLANG_WARN_INFINITE_RECURSION = YES;
				CLANG_WARN_INT_CONVERSION = YES;
				CLANG_WARN_NON_LITERAL_NULL_CONVERSION = YES;
				CLANG_WARN_OBJC_IMPLICIT_RETAIN_SELF = YES;
				CLANG_WARN_OBJC_LITERAL_CONVERSION = YES;
				CLANG_WARN_OBJC_ROOT_CLASS = YES_ERROR;
				CLANG_WARN_RANGE_LOOP_ANALYSIS = YES;
				CLANG_WARN_STRICT_PROTOTYPES = YES;
				CLANG_WARN_SUSPICIOUS_MOVE = YES;
				CLANG_WARN_UNGUARDED_AVAILABILITY = YES_AGGRESSIVE;
				CLANG_WARN_UNREACHABLE_CODE = YES;
				CLANG_WARN__DUPLICATE_METHOD_MATCH = YES;
				CODE_SIGN_IDENTITY = "iPhone Developer";
				COPY_PHASE_STRIP = NO;
				DEBUG_INFORMATION_FORMAT = "dwarf-with-dsym";
				ENABLE_NS_ASSERTIONS = NO;
				ENABLE_STRICT_OBJC_MSGSEND = YES;
				GCC_C_LANGUAGE_STANDARD = gnu11;
				GCC_NO_COMMON_BLOCKS = YES;
				GCC_WARN_64_TO_32_BIT_CONVERSION = YES;
				GCC_WARN_ABOUT_RETURN_TYPE = YES_ERROR;
				GCC_WARN_UNDECLARED_SELECTOR = YES;
				GCC_WARN_UNINITIALIZED_AUTOS = YES_AGGRESSIVE;
				GCC_WARN_UNUSED_FUNCTION = YES;
				GCC_WARN_UNUSED_VARIABLE = YES;
				IPHONEOS_DEPLOYMENT_TARGET = 12.2;
				MTL_ENABLE_DEBUG_INFO = NO;
				MTL_FAST_MATH = YES;
				SDKROOT = iphoneos;
				SWIFT_COMPILATION_MODE = wholemodule;
				SWIFT_OPTIMIZATION_LEVEL = "-O";
				VALIDATE_PRODUCT = YES;
			};
			name = Release;
		};
		80EBB0C62313CFF600A5DB37 /* Debug */ = {
			isa = XCBuildConfiguration;
			buildSettings = {
				ASSETCATALOG_COMPILER_APPICON_NAME = AppIcon;
				CODE_SIGN_STYLE = Manual;
				DEVELOPMENT_TEAM = "";
				INFOPLIST_FILE = StretchyHeaderCollectionView/Resources/Info.plist;
				LD_RUNPATH_SEARCH_PATHS = (
					"$(inherited)",
					"@executable_path/Frameworks",
				);
				PRODUCT_BUNDLE_IDENTIFIER = vn.com.vti.StretchyHeaderCollectionView;
				PRODUCT_NAME = "$(TARGET_NAME)";
				PROVISIONING_PROFILE_SPECIFIER = "";
				SWIFT_VERSION = 5.0;
				TARGETED_DEVICE_FAMILY = 2;
			};
			name = Debug;
		};
		80EBB0C72313CFF600A5DB37 /* Release */ = {
			isa = XCBuildConfiguration;
			buildSettings = {
				ASSETCATALOG_COMPILER_APPICON_NAME = AppIcon;
				CODE_SIGN_STYLE = Manual;
				DEVELOPMENT_TEAM = "";
				INFOPLIST_FILE = StretchyHeaderCollectionView/Resources/Info.plist;
				LD_RUNPATH_SEARCH_PATHS = (
					"$(inherited)",
					"@executable_path/Frameworks",
				);
				PRODUCT_BUNDLE_IDENTIFIER = vn.com.vti.StretchyHeaderCollectionView;
				PRODUCT_NAME = "$(TARGET_NAME)";
				PROVISIONING_PROFILE_SPECIFIER = "";
				SWIFT_VERSION = 5.0;
				TARGETED_DEVICE_FAMILY = 2;
			};
			name = Release;
		};
/* End XCBuildConfiguration section */

/* Begin XCConfigurationList section */
		80EBB0AE2313CFF100A5DB37 /* Build configuration list for PBXProject "StretchyHeaderCollectionView" */ = {
			isa = XCConfigurationList;
			buildConfigurations = (
				80EBB0C32313CFF600A5DB37 /* Debug */,
				80EBB0C42313CFF600A5DB37 /* Release */,
			);
			defaultConfigurationIsVisible = 0;
			defaultConfigurationName = Release;
		};
		80EBB0C52313CFF600A5DB37 /* Build configuration list for PBXNativeTarget "StretchyHeaderCollectionView" */ = {
			isa = XCConfigurationList;
			buildConfigurations = (
				80EBB0C62313CFF600A5DB37 /* Debug */,
				80EBB0C72313CFF600A5DB37 /* Release */,
			);
			defaultConfigurationIsVisible = 0;
			defaultConfigurationName = Release;
		};
/* End XCConfigurationList section */
	};
	rootObject = 80EBB0AB2313CFF100A5DB37 /* Project object */;
}
